<?xml version="1.0" encoding="utf-8"?>
<Project ToolsVersion="4.0" xmlns="http://schemas.microsoft.com/developer/msbuild/2003">
  <ItemGroup>
    <Filter Include="Core">
      <UniqueIdentifier>{2EB4837C-1AEB-840D-C3D7-6A10AFED000F}</UniqueIdentifier>
    </Filter>
    <Filter Include="Core\Events">
      <UniqueIdentifier>{52201B74-BED5-9369-47CA-8D40B37E8A6D}</UniqueIdentifier>
    </Filter>
    <Filter Include="Core\Layers">
      <UniqueIdentifier>{2D0BFE82-99C0-7678-22B5-704F8E696D7C}</UniqueIdentifier>
    </Filter>
    <Filter Include="Window">
      <UniqueIdentifier>{3DEA79DA-298C-A4B0-1247-B804FE872B01}</UniqueIdentifier>
    </Filter>
    <Filter Include="Window\Lin">
      <UniqueIdentifier>{CFD7C9FD-BB8F-0B4B-2497-E4A6106EA63B}</UniqueIdentifier>
    </Filter>
    <Filter Include="Window\Win">
      <UniqueIdentifier>{9A06CAFD-86BE-0B4B-EFC5-E4A6DB9CA63B}</UniqueIdentifier>
    </Filter>
  </ItemGroup>
  <ItemGroup>
    <ClInclude Include="src\Core\Core.h">
      <Filter>Core</Filter>
    </ClInclude>
    <ClInclude Include="src\Core\Entry.h">
      <Filter>Core</Filter>
    </ClInclude>
    <ClInclude Include="src\Core\Events\AppEvent.h">
      <Filter>Core\Events</Filter>
    </ClInclude>
    <ClInclude Include="src\Core\Events\Event.h">
      <Filter>Core\Events</Filter>
    </ClInclude>
    <ClInclude Include="src\Core\Events\KeyEvent.h">
      <Filter>Core\Events</Filter>
    </ClInclude>
    <ClInclude Include="src\Core\Events\MouseEvent.h">
      <Filter>Core\Events</Filter>
    </ClInclude>
    <ClInclude Include="src\Core\Layers\Layer.h">
      <Filter>Core\Layers</Filter>
    </ClInclude>
    <ClInclude Include="src\Core\Layers\LayerStack.h">
      <Filter>Core\Layers</Filter>
    </ClInclude>
    <ClInclude Include="src\Core\Log.h">
      <Filter>Core</Filter>
    </ClInclude>
    <ClInclude Include="src\Core\Manager.h">
      <Filter>Core</Filter>
    </ClInclude>
    <ClInclude Include="src\GE_pch.h" />
    <ClInclude Include="src\GamEn.h" />
    <ClInclude Include="src\Window\Lin\Lin_Window.h">
      <Filter>Window\Lin</Filter>
    </ClInclude>
    <ClInclude Include="src\Window\Win\Win_Window.h">
      <Filter>Window\Win</Filter>
    </ClInclude>
    <ClInclude Include="src\Window\Window.h">
      <Filter>Window</Filter>
    </ClInclude>
  </ItemGroup>
  <ItemGroup>
    <ClCompile Include="src\Core\Layers\Layer.cpp">
      <Filter>Core\Layers</Filter>
    </ClCompile>
    <ClCompile Include="src\Core\Layers\LayerStack.cpp">
      <Filter>Core\Layers</Filter>
    </ClCompile>
    <ClCompile Include="src\Core\Log.cpp">
      <Filter>Core</Filter>
    </ClCompile>
    <ClCompile Include="src\Core\Manager.cpp">
      <Filter>Core</Filter>
    </ClCompile>
    <ClCompile Include="src\GE_pch.cpp" />
    <ClCompile Include="src\Window\Lin\Lin_WIndow.cpp">
      <Filter>Window\Lin</Filter>
    </ClCompile>
    <ClCompile Include="src\Window\Win\Win_Window.cpp">
      <Filter>Window\Win</Filter>
    </ClCompile>
    <ClCompile Include="src\Window\Window.cpp">
      <Filter>Window</Filter>
    </ClCompile>
  </ItemGroup>
</Project>